
Microsoft Visual Studio Solution File, Format Version 12.00
# Visual Studio Version 16
VisualStudioVersion = 16.0.29709.97
MinimumVisualStudioVersion = 10.0.40219.1
Project("{FAE04EC0-301F-11D3-BF4B-00C04F79EFBC}") = "StudIPDownloader.WebApi", "StudIPDownloader.WebApi\StudIPDownloader.WebApi.csproj", "{242192D6-C950-4137-9A87-B105D4114821}"
EndProject
Project("{FAE04EC0-301F-11D3-BF4B-00C04F79EFBC}") = "StudIPDownloader.Domain", "StudIPDownloader.Domain\StudIPDownloader.Domain.csproj", "{6E781424-B40E-4146-A11B-F1501C0BAF8C}"
EndProject
Global
	GlobalSection(SolutionConfigurationPlatforms) = preSolution
		Debug|Any CPU = Debug|Any CPU
		Release|Any CPU = Release|Any CPU
	EndGlobalSection
	GlobalSection(ProjectConfigurationPlatforms) = postSolution
		{242192D6-C950-4137-9A87-B105D4114821}.Debug|Any CPU.ActiveCfg = Debug|Any CPU
		{242192D6-C950-4137-9A87-B105D4114821}.Debug|Any CPU.Build.0 = Debug|Any CPU
		{242192D6-C950-4137-9A87-B105D4114821}.Release|Any CPU.ActiveCfg = Release|Any CPU
		{242192D6-C950-4137-9A87-B105D4114821}.Release|Any CPU.Build.0 = Release|Any CPU
		{6E781424-B40E-4146-A11B-F1501C0BAF8C}.Debug|Any CPU.ActiveCfg = Debug|Any CPU
		{6E781424-B40E-4146-A11B-F1501C0BAF8C}.Debug|Any CPU.Build.0 = Debug|Any CPU
		{6E781424-B40E-4146-A11B-F1501C0BAF8C}.Release|Any CPU.ActiveCfg = Release|Any CPU
		{6E781424-B40E-4146-A11B-F1501C0BAF8C}.Release|Any CPU.Build.0 = Release|Any CPU
	EndGlobalSection
	GlobalSection(SolutionProperties) = preSolution
		HideSolutionNode = FALSE
	EndGlobalSection
	GlobalSection(ExtensibilityGlobals) = postSolution
		SolutionGuid = {CFADC3FF-70D0-4548-BDA5-23FAF50ED904}
	EndGlobalSection
EndGlobal
